
Microsoft Visual Studio Solution File, Format Version 12.00
# Visual Studio Version 16
VisualStudioVersion = 16.0.30204.135
MinimumVisualStudioVersion = 10.0.40219.1
Project("{9A19103F-16F7-4668-BE54-9A1E7A4F7556}") = "CSharpInnoSetup", "CSharpInnoSetup\CSharpInnoSetup.csproj", "{CE3AB3A3-2EE6-43CB-8A42-1C625B85FFD4}"
EndProject
Project("{9A19103F-16F7-4668-BE54-9A1E7A4F7556}") = "CSharpInnoSetup.Test", "CSharpInnoSetup.Test\CSharpInnoSetup.Test.csproj", "{8678A6C4-1D2B-46F0-B036-2D5BA5F323CF}"
EndProject
Project("{2150E333-8FDC-42A3-9474-1A3956D46DE8}") = "Examples", "Examples", "{50EEC007-1222-44F2-A4F3-8E8B9C2FE40F}"
EndProject
Project("{9A19103F-16F7-4668-BE54-9A1E7A4F7556}") = "64BitThreeArch", "64BitThreeArch\64BitThreeArch.csproj", "{4083D7E5-EF85-4671-B784-9F7D5F65BE0B}"
EndProject
Project("{9A19103F-16F7-4668-BE54-9A1E7A4F7556}") = "64Bit", "64Bit\64Bit.csproj", "{96F68F2C-4E23-4E4F-A96B-10D6DEC37FC5}"
EndProject
Project("{D954291E-2A0B-460D-934E-DC6B0785DB48}") = "Shared", "Shared\Shared.shproj", "{4BF351A4-9A2D-4C2F-B63C-70F32F91CE67}"
EndProject
Project("{9A19103F-16F7-4668-BE54-9A1E7A4F7556}") = "64BitTwoArch", "64BitTwoArch\64BitTwoArch.csproj", "{1F6831EB-BA90-42C5-917F-9D3A5DACB2CB}"
EndProject
Project("{9A19103F-16F7-4668-BE54-9A1E7A4F7556}") = "AllPagesExample", "AllPagesExample\AllPagesExample.csproj", "{82CBE1C9-30F7-44C6-AD46-343EB58AD7A7}"
EndProject
Project("{9A19103F-16F7-4668-BE54-9A1E7A4F7556}") = "CodeAutomation", "CodeAutomation\CodeAutomation.csproj", "{E65C6118-E74E-425C-A22B-13EA354A7830}"
EndProject
Project("{9A19103F-16F7-4668-BE54-9A1E7A4F7556}") = "CodeAutomation2", "CodeAutomation2\CodeAutomation2.csproj", "{74BA42F7-8648-419D-BA5B-0F0B5080DD8E}"
EndProject
Project("{9A19103F-16F7-4668-BE54-9A1E7A4F7556}") = "CodeClasses", "CodeClasses\CodeClasses.csproj", "{840C91D3-7BAD-401F-B70B-72055BEEC142}"
EndProject
Project("{9A19103F-16F7-4668-BE54-9A1E7A4F7556}") = "CodeDlg", "CodeDlg\CodeDlg.csproj", "{44A8E381-2EBE-479A-B076-733E3BEF1785}"
EndProject
Project("{9A19103F-16F7-4668-BE54-9A1E7A4F7556}") = "CodeDll", "CodeDll\CodeDll.csproj", "{3A17CE00-B66E-4B0F-9FFC-2836AD54574E}"
EndProject
Project("{9A19103F-16F7-4668-BE54-9A1E7A4F7556}") = "CodeExample1", "CodeExample1\CodeExample1.csproj", "{2DEEEC87-5EC1-4B13-9B93-408A4749F56D}"
EndProject
Project("{9A19103F-16F7-4668-BE54-9A1E7A4F7556}") = "CodePrepareToInstall", "CodePrepareToInstall\CodePrepareToInstall.csproj", "{0F9738FE-EF18-455B-86BE-68C1E09EB37D}"
EndProject
Project("{9A19103F-16F7-4668-BE54-9A1E7A4F7556}") = "Components", "Components\Components.csproj", "{E5F009B0-39BE-4611-B8B3-E544EE6AB6CC}"
EndProject
Project("{9A19103F-16F7-4668-BE54-9A1E7A4F7556}") = "Example3", "Example3\Example3.csproj", "{57123D3C-1C0A-4096-A52E-289EA17F218F}"
EndProject
Global
	GlobalSection(SharedMSBuildProjectFiles) = preSolution
		Shared\Shared.projitems*{0f9738fe-ef18-455b-86be-68c1e09eb37d}*SharedItemsImports = 5
		Shared\Shared.projitems*{1f6831eb-ba90-42c5-917f-9d3a5dacb2cb}*SharedItemsImports = 5
		Shared\Shared.projitems*{2deeec87-5ec1-4b13-9b93-408a4749f56d}*SharedItemsImports = 5
		Shared\Shared.projitems*{3a17ce00-b66e-4b0f-9ffc-2836ad54574e}*SharedItemsImports = 5
		Shared\Shared.projitems*{4083d7e5-ef85-4671-b784-9f7d5f65be0b}*SharedItemsImports = 5
		Shared\Shared.projitems*{44a8e381-2ebe-479a-b076-733e3bef1785}*SharedItemsImports = 5
		Shared\Shared.projitems*{4bf351a4-9a2d-4c2f-b63c-70f32f91ce67}*SharedItemsImports = 13
		Shared\Shared.projitems*{57123d3c-1c0a-4096-a52e-289ea17f218f}*SharedItemsImports = 5
		Shared\Shared.projitems*{74ba42f7-8648-419d-ba5b-0f0b5080dd8e}*SharedItemsImports = 5
		Shared\Shared.projitems*{82cbe1c9-30f7-44c6-ad46-343eb58ad7a7}*SharedItemsImports = 5
		Shared\Shared.projitems*{840c91d3-7bad-401f-b70b-72055beec142}*SharedItemsImports = 5
		Shared\Shared.projitems*{96f68f2c-4e23-4e4f-a96b-10d6dec37fc5}*SharedItemsImports = 5
		Shared\Shared.projitems*{e5f009b0-39be-4611-b8b3-e544ee6ab6cc}*SharedItemsImports = 5
		Shared\Shared.projitems*{e65c6118-e74e-425c-a22b-13ea354a7830}*SharedItemsImports = 5
	EndGlobalSection
	GlobalSection(SolutionConfigurationPlatforms) = preSolution
		Debug|Any CPU = Debug|Any CPU
		Release|Any CPU = Release|Any CPU
	EndGlobalSection
	GlobalSection(ProjectConfigurationPlatforms) = postSolution
		{CE3AB3A3-2EE6-43CB-8A42-1C625B85FFD4}.Debug|Any CPU.ActiveCfg = Debug|Any CPU
		{CE3AB3A3-2EE6-43CB-8A42-1C625B85FFD4}.Debug|Any CPU.Build.0 = Debug|Any CPU
		{CE3AB3A3-2EE6-43CB-8A42-1C625B85FFD4}.Release|Any CPU.ActiveCfg = Release|Any CPU
		{CE3AB3A3-2EE6-43CB-8A42-1C625B85FFD4}.Release|Any CPU.Build.0 = Release|Any CPU
		{8678A6C4-1D2B-46F0-B036-2D5BA5F323CF}.Debug|Any CPU.ActiveCfg = Debug|Any CPU
		{8678A6C4-1D2B-46F0-B036-2D5BA5F323CF}.Debug|Any CPU.Build.0 = Debug|Any CPU
		{8678A6C4-1D2B-46F0-B036-2D5BA5F323CF}.Release|Any CPU.ActiveCfg = Release|Any CPU
		{8678A6C4-1D2B-46F0-B036-2D5BA5F323CF}.Release|Any CPU.Build.0 = Release|Any CPU
		{4083D7E5-EF85-4671-B784-9F7D5F65BE0B}.Debug|Any CPU.ActiveCfg = Debug|Any CPU
		{4083D7E5-EF85-4671-B784-9F7D5F65BE0B}.Debug|Any CPU.Build.0 = Debug|Any CPU
		{4083D7E5-EF85-4671-B784-9F7D5F65BE0B}.Release|Any CPU.ActiveCfg = Release|Any CPU
		{4083D7E5-EF85-4671-B784-9F7D5F65BE0B}.Release|Any CPU.Build.0 = Release|Any CPU
		{96F68F2C-4E23-4E4F-A96B-10D6DEC37FC5}.Debug|Any CPU.ActiveCfg = Debug|Any CPU
		{96F68F2C-4E23-4E4F-A96B-10D6DEC37FC5}.Debug|Any CPU.Build.0 = Debug|Any CPU
		{96F68F2C-4E23-4E4F-A96B-10D6DEC37FC5}.Release|Any CPU.ActiveCfg = Release|Any CPU
		{96F68F2C-4E23-4E4F-A96B-10D6DEC37FC5}.Release|Any CPU.Build.0 = Release|Any CPU
		{1F6831EB-BA90-42C5-917F-9D3A5DACB2CB}.Debug|Any CPU.ActiveCfg = Debug|Any CPU
		{1F6831EB-BA90-42C5-917F-9D3A5DACB2CB}.Debug|Any CPU.Build.0 = Debug|Any CPU
		{1F6831EB-BA90-42C5-917F-9D3A5DACB2CB}.Release|Any CPU.ActiveCfg = Release|Any CPU
		{1F6831EB-BA90-42C5-917F-9D3A5DACB2CB}.Release|Any CPU.Build.0 = Release|Any CPU
		{82CBE1C9-30F7-44C6-AD46-343EB58AD7A7}.Debug|Any CPU.ActiveCfg = Debug|Any CPU
		{82CBE1C9-30F7-44C6-AD46-343EB58AD7A7}.Debug|Any CPU.Build.0 = Debug|Any CPU
		{82CBE1C9-30F7-44C6-AD46-343EB58AD7A7}.Release|Any CPU.ActiveCfg = Release|Any CPU
		{82CBE1C9-30F7-44C6-AD46-343EB58AD7A7}.Release|Any CPU.Build.0 = Release|Any CPU
		{E65C6118-E74E-425C-A22B-13EA354A7830}.Debug|Any CPU.ActiveCfg = Debug|Any CPU
		{E65C6118-E74E-425C-A22B-13EA354A7830}.Debug|Any CPU.Build.0 = Debug|Any CPU
		{E65C6118-E74E-425C-A22B-13EA354A7830}.Release|Any CPU.ActiveCfg = Release|Any CPU
		{E65C6118-E74E-425C-A22B-13EA354A7830}.Release|Any CPU.Build.0 = Release|Any CPU
		{74BA42F7-8648-419D-BA5B-0F0B5080DD8E}.Debug|Any CPU.ActiveCfg = Debug|Any CPU
		{74BA42F7-8648-419D-BA5B-0F0B5080DD8E}.Debug|Any CPU.Build.0 = Debug|Any CPU
		{74BA42F7-8648-419D-BA5B-0F0B5080DD8E}.Release|Any CPU.ActiveCfg = Release|Any CPU
		{74BA42F7-8648-419D-BA5B-0F0B5080DD8E}.Release|Any CPU.Build.0 = Release|Any CPU
		{840C91D3-7BAD-401F-B70B-72055BEEC142}.Debug|Any CPU.ActiveCfg = Debug|Any CPU
		{840C91D3-7BAD-401F-B70B-72055BEEC142}.Debug|Any CPU.Build.0 = Debug|Any CPU
		{840C91D3-7BAD-401F-B70B-72055BEEC142}.Release|Any CPU.ActiveCfg = Release|Any CPU
		{840C91D3-7BAD-401F-B70B-72055BEEC142}.Release|Any CPU.Build.0 = Release|Any CPU
		{44A8E381-2EBE-479A-B076-733E3BEF1785}.Debug|Any CPU.ActiveCfg = Debug|Any CPU
		{44A8E381-2EBE-479A-B076-733E3BEF1785}.Debug|Any CPU.Build.0 = Debug|Any CPU
		{44A8E381-2EBE-479A-B076-733E3BEF1785}.Release|Any CPU.ActiveCfg = Release|Any CPU
		{44A8E381-2EBE-479A-B076-733E3BEF1785}.Release|Any CPU.Build.0 = Release|Any CPU
		{3A17CE00-B66E-4B0F-9FFC-2836AD54574E}.Debug|Any CPU.ActiveCfg = Debug|Any CPU
		{3A17CE00-B66E-4B0F-9FFC-2836AD54574E}.Debug|Any CPU.Build.0 = Debug|Any CPU
		{3A17CE00-B66E-4B0F-9FFC-2836AD54574E}.Release|Any CPU.ActiveCfg = Release|Any CPU
		{3A17CE00-B66E-4B0F-9FFC-2836AD54574E}.Release|Any CPU.Build.0 = Release|Any CPU
		{2DEEEC87-5EC1-4B13-9B93-408A4749F56D}.Debug|Any CPU.ActiveCfg = Debug|Any CPU
		{2DEEEC87-5EC1-4B13-9B93-408A4749F56D}.Debug|Any CPU.Build.0 = Debug|Any CPU
		{2DEEEC87-5EC1-4B13-9B93-408A4749F56D}.Release|Any CPU.ActiveCfg = Release|Any CPU
		{2DEEEC87-5EC1-4B13-9B93-408A4749F56D}.Release|Any CPU.Build.0 = Release|Any CPU
		{0F9738FE-EF18-455B-86BE-68C1E09EB37D}.Debug|Any CPU.ActiveCfg = Debug|Any CPU
		{0F9738FE-EF18-455B-86BE-68C1E09EB37D}.Debug|Any CPU.Build.0 = Debug|Any CPU
		{0F9738FE-EF18-455B-86BE-68C1E09EB37D}.Release|Any CPU.ActiveCfg = Release|Any CPU
		{0F9738FE-EF18-455B-86BE-68C1E09EB37D}.Release|Any CPU.Build.0 = Release|Any CPU
		{E5F009B0-39BE-4611-B8B3-E544EE6AB6CC}.Debug|Any CPU.ActiveCfg = Debug|Any CPU
		{E5F009B0-39BE-4611-B8B3-E544EE6AB6CC}.Debug|Any CPU.Build.0 = Debug|Any CPU
		{E5F009B0-39BE-4611-B8B3-E544EE6AB6CC}.Release|Any CPU.ActiveCfg = Release|Any CPU
		{E5F009B0-39BE-4611-B8B3-E544EE6AB6CC}.Release|Any CPU.Build.0 = Release|Any CPU
		{57123D3C-1C0A-4096-A52E-289EA17F218F}.Debug|Any CPU.ActiveCfg = Debug|Any CPU
		{57123D3C-1C0A-4096-A52E-289EA17F218F}.Debug|Any CPU.Build.0 = Debug|Any CPU
		{57123D3C-1C0A-4096-A52E-289EA17F218F}.Release|Any CPU.ActiveCfg = Release|Any CPU
		{57123D3C-1C0A-4096-A52E-289EA17F218F}.Release|Any CPU.Build.0 = Release|Any CPU
	EndGlobalSection
	GlobalSection(SolutionProperties) = preSolution
		HideSolutionNode = FALSE
	EndGlobalSection
	GlobalSection(NestedProjects) = preSolution
		{4083D7E5-EF85-4671-B784-9F7D5F65BE0B} = {50EEC007-1222-44F2-A4F3-8E8B9C2FE40F}
		{96F68F2C-4E23-4E4F-A96B-10D6DEC37FC5} = {50EEC007-1222-44F2-A4F3-8E8B9C2FE40F}
		{4BF351A4-9A2D-4C2F-B63C-70F32F91CE67} = {50EEC007-1222-44F2-A4F3-8E8B9C2FE40F}
		{1F6831EB-BA90-42C5-917F-9D3A5DACB2CB} = {50EEC007-1222-44F2-A4F3-8E8B9C2FE40F}
		{82CBE1C9-30F7-44C6-AD46-343EB58AD7A7} = {50EEC007-1222-44F2-A4F3-8E8B9C2FE40F}
		{E65C6118-E74E-425C-A22B-13EA354A7830} = {50EEC007-1222-44F2-A4F3-8E8B9C2FE40F}
		{74BA42F7-8648-419D-BA5B-0F0B5080DD8E} = {50EEC007-1222-44F2-A4F3-8E8B9C2FE40F}
		{840C91D3-7BAD-401F-B70B-72055BEEC142} = {50EEC007-1222-44F2-A4F3-8E8B9C2FE40F}
		{44A8E381-2EBE-479A-B076-733E3BEF1785} = {50EEC007-1222-44F2-A4F3-8E8B9C2FE40F}
		{3A17CE00-B66E-4B0F-9FFC-2836AD54574E} = {50EEC007-1222-44F2-A4F3-8E8B9C2FE40F}
		{2DEEEC87-5EC1-4B13-9B93-408A4749F56D} = {50EEC007-1222-44F2-A4F3-8E8B9C2FE40F}
		{0F9738FE-EF18-455B-86BE-68C1E09EB37D} = {50EEC007-1222-44F2-A4F3-8E8B9C2FE40F}
		{E5F009B0-39BE-4611-B8B3-E544EE6AB6CC} = {50EEC007-1222-44F2-A4F3-8E8B9C2FE40F}
		{57123D3C-1C0A-4096-A52E-289EA17F218F} = {50EEC007-1222-44F2-A4F3-8E8B9C2FE40F}
	EndGlobalSection
	GlobalSection(ExtensibilityGlobals) = postSolution
		SolutionGuid = {7D4427EA-BDA0-4EB8-8128-8AC458246769}
	EndGlobalSection
EndGlobal
